// !$*UTF8*$!
{
	archiveVersion = 1;
	classes = {
	};
	objectVersion = 56;
	objects = {

/* Begin PBXBuildFile section */
		CEB7F5A12C072D07002EE168 /* TrafficFactoryTestTaskApp.swift in Sources */ = {isa = PBXBuildFile; fileRef = CEB7F5A02C072D07002EE168 /* TrafficFactoryTestTaskApp.swift */; };
		CEB7F5A32C072D07002EE168 /* ContentView.swift in Sources */ = {isa = PBXBuildFile; fileRef = CEB7F5A22C072D07002EE168 /* ContentView.swift */; };
		CEB7F5A52C072D0B002EE168 /* Assets.xcassets in Resources */ = {isa = PBXBuildFile; fileRef = CEB7F5A42C072D0B002EE168 /* Assets.xcassets */; };
		CEB7F5A82C072D0B002EE168 /* Preview Assets.xcassets in Resources */ = {isa = PBXBuildFile; fileRef = CEB7F5A72C072D0B002EE168 /* Preview Assets.xcassets */; };
		CEB7F5B22C0744CC002EE168 /* Item.swift in Sources */ = {isa = PBXBuildFile; fileRef = CEB7F5B12C0744CC002EE168 /* Item.swift */; };
		CEB7F5B62C074740002EE168 /* DataParser.swift in Sources */ = {isa = PBXBuildFile; fileRef = CEB7F5B52C074740002EE168 /* DataParser.swift */; };
		CEB7F5B82C074840002EE168 /* RequestManager.swift in Sources */ = {isa = PBXBuildFile; fileRef = CEB7F5B72C074840002EE168 /* RequestManager.swift */; };
		CEB7F5BA2C07488C002EE168 /* ApiManager.swift in Sources */ = {isa = PBXBuildFile; fileRef = CEB7F5B92C07488C002EE168 /* ApiManager.swift */; };
		CEB7F5BD2C0748F3002EE168 /* NetworkError.swift in Sources */ = {isa = PBXBuildFile; fileRef = CEB7F5BC2C0748F3002EE168 /* NetworkError.swift */; };
		CEB7F5C42C074C14002EE168 /* APIConstants.swift in Sources */ = {isa = PBXBuildFile; fileRef = CEB7F5C32C074C14002EE168 /* APIConstants.swift */; };
		CEB7F5C92C075ECD002EE168 /* ContentViewModel.swift in Sources */ = {isa = PBXBuildFile; fileRef = CEB7F5C82C075ECD002EE168 /* ContentViewModel.swift */; };
		CEB7F5CB2C07A585002EE168 /* ItemRowView.swift in Sources */ = {isa = PBXBuildFile; fileRef = CEB7F5CA2C07A585002EE168 /* ItemRowView.swift */; };
		CEB7F5CD2C07B56B002EE168 /* LoadingIndicatorView.swift in Sources */ = {isa = PBXBuildFile; fileRef = CEB7F5CC2C07B56B002EE168 /* LoadingIndicatorView.swift */; };
		CEB7F5CF2C088B52002EE168 /* InfoDictionaryKeys.swift in Sources */ = {isa = PBXBuildFile; fileRef = CEB7F5CE2C088B52002EE168 /* InfoDictionaryKeys.swift */; };
		CEB7F5D12C089CBE002EE168 /* Cache.swift in Sources */ = {isa = PBXBuildFile; fileRef = CEB7F5D02C089CBE002EE168 /* Cache.swift */; };
		CEB7F5D32C08ABD3002EE168 /* ItemImageViewModel.swift in Sources */ = {isa = PBXBuildFile; fileRef = CEB7F5D22C08ABD3002EE168 /* ItemImageViewModel.swift */; };
/* End PBXBuildFile section */

/* Begin PBXFileReference section */
		CEB7F59D2C072D07002EE168 /* TrafficFactoryTestTask.app */ = {isa = PBXFileReference; explicitFileType = wrapper.application; includeInIndex = 0; path = TrafficFactoryTestTask.app; sourceTree = BUILT_PRODUCTS_DIR; };
		CEB7F5A02C072D07002EE168 /* TrafficFactoryTestTaskApp.swift */ = {isa = PBXFileReference; lastKnownFileType = sourcecode.swift; path = TrafficFactoryTestTaskApp.swift; sourceTree = "<group>"; };
		CEB7F5A22C072D07002EE168 /* ContentView.swift */ = {isa = PBXFileReference; lastKnownFileType = sourcecode.swift; path = ContentView.swift; sourceTree = "<group>"; };
		CEB7F5A42C072D0B002EE168 /* Assets.xcassets */ = {isa = PBXFileReference; lastKnownFileType = folder.assetcatalog; path = Assets.xcassets; sourceTree = "<group>"; };
		CEB7F5A72C072D0B002EE168 /* Preview Assets.xcassets */ = {isa = PBXFileReference; lastKnownFileType = folder.assetcatalog; path = "Preview Assets.xcassets"; sourceTree = "<group>"; };
		CEB7F5B12C0744CC002EE168 /* Item.swift */ = {isa = PBXFileReference; lastKnownFileType = sourcecode.swift; path = Item.swift; sourceTree = "<group>"; };
		CEB7F5B52C074740002EE168 /* DataParser.swift */ = {isa = PBXFileReference; lastKnownFileType = sourcecode.swift; path = DataParser.swift; sourceTree = "<group>"; };
		CEB7F5B72C074840002EE168 /* RequestManager.swift */ = {isa = PBXFileReference; lastKnownFileType = sourcecode.swift; path = RequestManager.swift; sourceTree = "<group>"; };
		CEB7F5B92C07488C002EE168 /* ApiManager.swift */ = {isa = PBXFileReference; lastKnownFileType = sourcecode.swift; path = ApiManager.swift; sourceTree = "<group>"; };
		CEB7F5BC2C0748F3002EE168 /* NetworkError.swift */ = {isa = PBXFileReference; lastKnownFileType = sourcecode.swift; path = NetworkError.swift; sourceTree = "<group>"; };
		CEB7F5C32C074C14002EE168 /* APIConstants.swift */ = {isa = PBXFileReference; lastKnownFileType = sourcecode.swift; path = APIConstants.swift; sourceTree = "<group>"; };
		CEB7F5C82C075ECD002EE168 /* ContentViewModel.swift */ = {isa = PBXFileReference; lastKnownFileType = sourcecode.swift; path = ContentViewModel.swift; sourceTree = "<group>"; };
		CEB7F5CA2C07A585002EE168 /* ItemRowView.swift */ = {isa = PBXFileReference; lastKnownFileType = sourcecode.swift; path = ItemRowView.swift; sourceTree = "<group>"; };
		CEB7F5CC2C07B56B002EE168 /* LoadingIndicatorView.swift */ = {isa = PBXFileReference; lastKnownFileType = sourcecode.swift; path = LoadingIndicatorView.swift; sourceTree = "<group>"; };
		CEB7F5CE2C088B52002EE168 /* InfoDictionaryKeys.swift */ = {isa = PBXFileReference; lastKnownFileType = sourcecode.swift; path = InfoDictionaryKeys.swift; sourceTree = "<group>"; };
		CEB7F5D02C089CBE002EE168 /* Cache.swift */ = {isa = PBXFileReference; lastKnownFileType = sourcecode.swift; path = Cache.swift; sourceTree = "<group>"; };
		CEB7F5D22C08ABD3002EE168 /* ItemImageViewModel.swift */ = {isa = PBXFileReference; lastKnownFileType = sourcecode.swift; path = ItemImageViewModel.swift; sourceTree = "<group>"; };
/* End PBXFileReference section */

/* Begin PBXFrameworksBuildPhase section */
		CEB7F59A2C072D07002EE168 /* Frameworks */ = {
			isa = PBXFrameworksBuildPhase;
			buildActionMask = 2147483647;
			files = (
			);
			runOnlyForDeploymentPostprocessing = 0;
		};
/* End PBXFrameworksBuildPhase section */

/* Begin PBXGroup section */
		CEB7F5942C072D07002EE168 = {
			isa = PBXGroup;
			children = (
				CEB7F59F2C072D07002EE168 /* TrafficFactoryTestTask */,
				CEB7F59E2C072D07002EE168 /* Products */,
			);
			sourceTree = "<group>";
		};
		CEB7F59E2C072D07002EE168 /* Products */ = {
			isa = PBXGroup;
			children = (
				CEB7F59D2C072D07002EE168 /* TrafficFactoryTestTask.app */,
			);
			name = Products;
			sourceTree = "<group>";
		};
		CEB7F59F2C072D07002EE168 /* TrafficFactoryTestTask */ = {
			isa = PBXGroup;
			children = (
				CEB7F5A02C072D07002EE168 /* TrafficFactoryTestTaskApp.swift */,
				CEB7F5CE2C088B52002EE168 /* InfoDictionaryKeys.swift */,
				CEB7F5AF2C0743AF002EE168 /* Data */,
				CEB7F5C72C075E89002EE168 /* Views */,
				CEB7F5A42C072D0B002EE168 /* Assets.xcassets */,
				CEB7F5A62C072D0B002EE168 /* Preview Content */,
			);
			path = TrafficFactoryTestTask;
			sourceTree = "<group>";
		};
		CEB7F5A62C072D0B002EE168 /* Preview Content */ = {
			isa = PBXGroup;
			children = (
				CEB7F5A72C072D0B002EE168 /* Preview Assets.xcassets */,
			);
			path = "Preview Content";
			sourceTree = "<group>";
		};
		CEB7F5AF2C0743AF002EE168 /* Data */ = {
			isa = PBXGroup;
			children = (
				CEB7F5C22C074BEC002EE168 /* API */,
				CEB7F5D02C089CBE002EE168 /* Cache.swift */,
			);
			path = Data;
			sourceTree = "<group>";
		};
		CEB7F5B02C0743C5002EE168 /* Network */ = {
			isa = PBXGroup;
			children = (
				CEB7F5B72C074840002EE168 /* RequestManager.swift */,
				CEB7F5B92C07488C002EE168 /* ApiManager.swift */,
				CEB7F5BC2C0748F3002EE168 /* NetworkError.swift */,
			);
			path = Network;
			sourceTree = "<group>";
		};
		CEB7F5B32C0744DC002EE168 /* Models */ = {
			isa = PBXGroup;
			children = (
				CEB7F5B12C0744CC002EE168 /* Item.swift */,
			);
			path = Models;
			sourceTree = "<group>";
		};
		CEB7F5B42C07472A002EE168 /* Parser */ = {
			isa = PBXGroup;
			children = (
				CEB7F5B52C074740002EE168 /* DataParser.swift */,
			);
			path = Parser;
			sourceTree = "<group>";
		};
		CEB7F5C22C074BEC002EE168 /* API */ = {
			isa = PBXGroup;
			children = (
				CEB7F5B42C07472A002EE168 /* Parser */,
				CEB7F5B32C0744DC002EE168 /* Models */,
				CEB7F5B02C0743C5002EE168 /* Network */,
				CEB7F5C32C074C14002EE168 /* APIConstants.swift */,
			);
			path = API;
			sourceTree = "<group>";
		};
		CEB7F5C72C075E89002EE168 /* Views */ = {
			isa = PBXGroup;
			children = (
				CEB7F5C82C075ECD002EE168 /* ContentViewModel.swift */,
				CEB7F5A22C072D07002EE168 /* ContentView.swift */,
				CEB7F5CA2C07A585002EE168 /* ItemRowView.swift */,
				CEB7F5CC2C07B56B002EE168 /* LoadingIndicatorView.swift */,
				CEB7F5D22C08ABD3002EE168 /* ItemImageViewModel.swift */,
			);
			path = Views;
			sourceTree = "<group>";
		};
/* End PBXGroup section */

/* Begin PBXNativeTarget section */
		CEB7F59C2C072D07002EE168 /* TrafficFactoryTestTask */ = {
			isa = PBXNativeTarget;
			buildConfigurationList = CEB7F5AB2C072D0B002EE168 /* Build configuration list for PBXNativeTarget "TrafficFactoryTestTask" */;
			buildPhases = (
				CEB7F5992C072D07002EE168 /* Sources */,
				CEB7F59A2C072D07002EE168 /* Frameworks */,
				CEB7F59B2C072D07002EE168 /* Resources */,
			);
			buildRules = (
			);
			dependencies = (
			);
			name = TrafficFactoryTestTask;
			productName = TrafficFactoryTestTask;
			productReference = CEB7F59D2C072D07002EE168 /* TrafficFactoryTestTask.app */;
			productType = "com.apple.product-type.application";
		};
/* End PBXNativeTarget section */

/* Begin PBXProject section */
		CEB7F5952C072D07002EE168 /* Project object */ = {
			isa = PBXProject;
			attributes = {
				BuildIndependentTargetsInParallel = 1;
				LastSwiftUpdateCheck = 1530;
				LastUpgradeCheck = 1530;
				TargetAttributes = {
					CEB7F59C2C072D07002EE168 = {
						CreatedOnToolsVersion = 15.3;
					};
				};
			};
			buildConfigurationList = CEB7F5982C072D07002EE168 /* Build configuration list for PBXProject "TrafficFactoryTestTask" */;
			compatibilityVersion = "Xcode 14.0";
			developmentRegion = en;
			hasScannedForEncodings = 0;
			knownRegions = (
				en,
				Base,
			);
			mainGroup = CEB7F5942C072D07002EE168;
			productRefGroup = CEB7F59E2C072D07002EE168 /* Products */;
			projectDirPath = "";
			projectRoot = "";
			targets = (
				CEB7F59C2C072D07002EE168 /* TrafficFactoryTestTask */,
			);
		};
/* End PBXProject section */

/* Begin PBXResourcesBuildPhase section */
		CEB7F59B2C072D07002EE168 /* Resources */ = {
			isa = PBXResourcesBuildPhase;
			buildActionMask = 2147483647;
			files = (
				CEB7F5A82C072D0B002EE168 /* Preview Assets.xcassets in Resources */,
				CEB7F5A52C072D0B002EE168 /* Assets.xcassets in Resources */,
			);
			runOnlyForDeploymentPostprocessing = 0;
		};
/* End PBXResourcesBuildPhase section */

/* Begin PBXSourcesBuildPhase section */
		CEB7F5992C072D07002EE168 /* Sources */ = {
			isa = PBXSourcesBuildPhase;
			buildActionMask = 2147483647;
			files = (
				CEB7F5D32C08ABD3002EE168 /* ItemImageViewModel.swift in Sources */,
				CEB7F5B82C074840002EE168 /* RequestManager.swift in Sources */,
				CEB7F5BD2C0748F3002EE168 /* NetworkError.swift in Sources */,
				CEB7F5CD2C07B56B002EE168 /* LoadingIndicatorView.swift in Sources */,
				CEB7F5A32C072D07002EE168 /* ContentView.swift in Sources */,
				CEB7F5B22C0744CC002EE168 /* Item.swift in Sources */,
				CEB7F5CB2C07A585002EE168 /* ItemRowView.swift in Sources */,
				CEB7F5D12C089CBE002EE168 /* Cache.swift in Sources */,
				CEB7F5B62C074740002EE168 /* DataParser.swift in Sources */,
				CEB7F5C92C075ECD002EE168 /* ContentViewModel.swift in Sources */,
				CEB7F5C42C074C14002EE168 /* APIConstants.swift in Sources */,
				CEB7F5CF2C088B52002EE168 /* InfoDictionaryKeys.swift in Sources */,
				CEB7F5BA2C07488C002EE168 /* ApiManager.swift in Sources */,
				CEB7F5A12C072D07002EE168 /* TrafficFactoryTestTaskApp.swift in Sources */,
			);
			runOnlyForDeploymentPostprocessing = 0;
		};
/* End PBXSourcesBuildPhase section */

/* Begin XCBuildConfiguration section */
		CEB7F5A92C072D0B002EE168 /* Debug */ = {
			isa = XCBuildConfiguration;
			buildSettings = {
				ALWAYS_SEARCH_USER_PATHS = NO;
				ASSETCATALOG_COMPILER_GENERATE_SWIFT_ASSET_SYMBOL_EXTENSIONS = YES;
				CLANG_ANALYZER_NONNULL = YES;
				CLANG_ANALYZER_NUMBER_OBJECT_CONVERSION = YES_AGGRESSIVE;
				CLANG_CXX_LANGUAGE_STANDARD = "gnu++20";
				CLANG_ENABLE_MODULES = YES;
				CLANG_ENABLE_OBJC_ARC = YES;
				CLANG_ENABLE_OBJC_WEAK = YES;
				CLANG_WARN_BLOCK_CAPTURE_AUTORELEASING = YES;
				CLANG_WARN_BOOL_CONVERSION = YES;
				CLANG_WARN_COMMA = YES;
				CLANG_WARN_CONSTANT_CONVERSION = YES;
				CLANG_WARN_DEPRECATED_OBJC_IMPLEMENTATIONS = YES;
				CLANG_WARN_DIRECT_OBJC_ISA_USAGE = YES_ERROR;
				CLANG_WARN_DOCUMENTATION_COMMENTS = YES;
				CLANG_WARN_EMPTY_BODY = YES;
				CLANG_WARN_ENUM_CONVERSION = YES;
				CLANG_WARN_INFINITE_RECURSION = YES;
				CLANG_WARN_INT_CONVERSION = YES;
				CLANG_WARN_NON_LITERAL_NULL_CONVERSION = YES;
				CLANG_WARN_OBJC_IMPLICIT_RETAIN_SELF = YES;
				CLANG_WARN_OBJC_LITERAL_CONVERSION = YES;
				CLANG_WARN_OBJC_ROOT_CLASS = YES_ERROR;
				CLANG_WARN_QUOTED_INCLUDE_IN_FRAMEWORK_HEADER = YES;
				CLANG_WARN_RANGE_LOOP_ANALYSIS = YES;
				CLANG_WARN_STRICT_PROTOTYPES = YES;
				CLANG_WARN_SUSPICIOUS_MOVE = YES;
				CLANG_WARN_UNGUARDED_AVAILABILITY = YES_AGGRESSIVE;
				CLANG_WARN_UNREACHABLE_CODE = YES;
				CLANG_WARN__DUPLICATE_METHOD_MATCH = YES;
				COPY_PHASE_STRIP = NO;
				DEBUG_INFORMATION_FORMAT = dwarf;
				ENABLE_STRICT_OBJC_MSGSEND = YES;
				ENABLE_TESTABILITY = YES;
				ENABLE_USER_SCRIPT_SANDBOXING = YES;
				GCC_C_LANGUAGE_STANDARD = gnu17;
				GCC_DYNAMIC_NO_PIC = NO;
				GCC_NO_COMMON_BLOCKS = YES;
				GCC_OPTIMIZATION_LEVEL = 0;
				GCC_PREPROCESSOR_DEFINITIONS = (
					"DEBUG=1",
					"$(inherited)",
				);
				GCC_WARN_64_TO_32_BIT_CONVERSION = YES;
				GCC_WARN_ABOUT_RETURN_TYPE = YES_ERROR;
				GCC_WARN_UNDECLARED_SELECTOR = YES;
				GCC_WARN_UNINITIALIZED_AUTOS = YES_AGGRESSIVE;
				GCC_WARN_UNUSED_FUNCTION = YES;
				GCC_WARN_UNUSED_VARIABLE = YES;
				IPHONEOS_DEPLOYMENT_TARGET = 17.4;
				LOCALIZATION_PREFERS_STRING_CATALOGS = YES;
				MTL_ENABLE_DEBUG_INFO = INCLUDE_SOURCE;
				MTL_FAST_MATH = YES;
				ONLY_ACTIVE_ARCH = YES;
				SDKROOT = iphoneos;
				SWIFT_ACTIVE_COMPILATION_CONDITIONS = "DEBUG $(inherited)";
				SWIFT_OPTIMIZATION_LEVEL = "-Onone";
			};
			name = Debug;
		};
		CEB7F5AA2C072D0B002EE168 /* Release */ = {
			isa = XCBuildConfiguration;
			buildSettings = {
				ALWAYS_SEARCH_USER_PATHS = NO;
				ASSETCATALOG_COMPILER_GENERATE_SWIFT_ASSET_SYMBOL_EXTENSIONS = YES;
				CLANG_ANALYZER_NONNULL = YES;
				CLANG_ANALYZER_NUMBER_OBJECT_CONVERSION = YES_AGGRESSIVE;
				CLANG_CXX_LANGUAGE_STANDARD = "gnu++20";
				CLANG_ENABLE_MODULES = YES;
				CLANG_ENABLE_OBJC_ARC = YES;
				CLANG_ENABLE_OBJC_WEAK = YES;
				CLANG_WARN_BLOCK_CAPTURE_AUTORELEASING = YES;
				CLANG_WARN_BOOL_CONVERSION = YES;
				CLANG_WARN_COMMA = YES;
				CLANG_WARN_CONSTANT_CONVERSION = YES;
				CLANG_WARN_DEPRECATED_OBJC_IMPLEMENTATIONS = YES;
				CLANG_WARN_DIRECT_OBJC_ISA_USAGE = YES_ERROR;
				CLANG_WARN_DOCUMENTATION_COMMENTS = YES;
				CLANG_WARN_EMPTY_BODY = YES;
				CLANG_WARN_ENUM_CONVERSION = YES;
				CLANG_WARN_INFINITE_RECURSION = YES;
				CLANG_WARN_INT_CONVERSION = YES;
				CLANG_WARN_NON_LITERAL_NULL_CONVERSION = YES;
				CLANG_WARN_OBJC_IMPLICIT_RETAIN_SELF = YES;
				CLANG_WARN_OBJC_LITERAL_CONVERSION = YES;
				CLANG_WARN_OBJC_ROOT_CLASS = YES_ERROR;
				CLANG_WARN_QUOTED_INCLUDE_IN_FRAMEWORK_HEADER = YES;
				CLANG_WARN_RANGE_LOOP_ANALYSIS = YES;
				CLANG_WARN_STRICT_PROTOTYPES = YES;
				CLANG_WARN_SUSPICIOUS_MOVE = YES;
				CLANG_WARN_UNGUARDED_AVAILABILITY = YES_AGGRESSIVE;
				CLANG_WARN_UNREACHABLE_CODE = YES;
				CLANG_WARN__DUPLICATE_METHOD_MATCH = YES;
				COPY_PHASE_STRIP = NO;
				DEBUG_INFORMATION_FORMAT = "dwarf-with-dsym";
				ENABLE_NS_ASSERTIONS = NO;
				ENABLE_STRICT_OBJC_MSGSEND = YES;
				ENABLE_USER_SCRIPT_SANDBOXING = YES;
				GCC_C_LANGUAGE_STANDARD = gnu17;
				GCC_NO_COMMON_BLOCKS = YES;
				GCC_WARN_64_TO_32_BIT_CONVERSION = YES;
				GCC_WARN_ABOUT_RETURN_TYPE = YES_ERROR;
				GCC_WARN_UNDECLARED_SELECTOR = YES;
				GCC_WARN_UNINITIALIZED_AUTOS = YES_AGGRESSIVE;
				GCC_WARN_UNUSED_FUNCTION = YES;
				GCC_WARN_UNUSED_VARIABLE = YES;
				IPHONEOS_DEPLOYMENT_TARGET = 17.4;
				LOCALIZATION_PREFERS_STRING_CATALOGS = YES;
				MTL_ENABLE_DEBUG_INFO = NO;
				MTL_FAST_MATH = YES;
				SDKROOT = iphoneos;
				SWIFT_COMPILATION_MODE = wholemodule;
				VALIDATE_PRODUCT = YES;
			};
			name = Release;
		};
		CEB7F5AC2C072D0B002EE168 /* Debug */ = {
			isa = XCBuildConfiguration;
			buildSettings = {
				ASSETCATALOG_COMPILER_APPICON_NAME = AppIcon;
				ASSETCATALOG_COMPILER_GLOBAL_ACCENT_COLOR_NAME = AccentColor;
				CODE_SIGN_STYLE = Automatic;
				CURRENT_PROJECT_VERSION = 1;
				DEVELOPMENT_ASSET_PATHS = "\"TrafficFactoryTestTask/Preview Content\"";
				DEVELOPMENT_TEAM = 959584M69M;
				ENABLE_PREVIEWS = YES;
				GENERATE_INFOPLIST_FILE = YES;
				INFOPLIST_KEY_UIApplicationSceneManifest_Generation = YES;
				INFOPLIST_KEY_UIApplicationSupportsIndirectInputEvents = YES;
				INFOPLIST_KEY_UILaunchScreen_Generation = YES;
				INFOPLIST_KEY_UISupportedInterfaceOrientations_iPad = "UIInterfaceOrientationPortrait UIInterfaceOrientationPortraitUpsideDown UIInterfaceOrientationLandscapeLeft UIInterfaceOrientationLandscapeRight";
				INFOPLIST_KEY_UISupportedInterfaceOrientations_iPhone = "UIInterfaceOrientationPortrait UIInterfaceOrientationLandscapeLeft UIInterfaceOrientationLandscapeRight";
				LD_RUNPATH_SEARCH_PATHS = (
					"$(inherited)",
					"@executable_path/Frameworks",
				);
				MARKETING_VERSION = 1.0;
				PRODUCT_BUNDLE_IDENTIFIER = ivanmagda.TrafficFactoryTestTask;
				PRODUCT_NAME = "$(TARGET_NAME)";
				SWIFT_EMIT_LOC_STRINGS = YES;
				SWIFT_VERSION = 5.0;
				TARGETED_DEVICE_FAMILY = "1,2";
			};
			name = Debug;
		};
		CEB7F5AD2C072D0B002EE168 /* Release */ = {
			isa = XCBuildConfiguration;
			buildSettings = {
				ASSETCATALOG_COMPILER_APPICON_NAME = AppIcon;
				ASSETCATALOG_COMPILER_GLOBAL_ACCENT_COLOR_NAME = AccentColor;
				CODE_SIGN_STYLE = Automatic;
				CURRENT_PROJECT_VERSION = 1;
				DEVELOPMENT_ASSET_PATHS = "\"TrafficFactoryTestTask/Preview Content\"";
				DEVELOPMENT_TEAM = 959584M69M;
				ENABLE_PREVIEWS = YES;
				GENERATE_INFOPLIST_FILE = YES;
				INFOPLIST_KEY_UIApplicationSceneManifest_Generation = YES;
				INFOPLIST_KEY_UIApplicationSupportsIndirectInputEvents = YES;
				INFOPLIST_KEY_UILaunchScreen_Generation = YES;
				INFOPLIST_KEY_UISupportedInterfaceOrientations_iPad = "UIInterfaceOrientationPortrait UIInterfaceOrientationPortraitUpsideDown UIInterfaceOrientationLandscapeLeft UIInterfaceOrientationLandscapeRight";
				INFOPLIST_KEY_UISupportedInterfaceOrientations_iPhone = "UIInterfaceOrientationPortrait UIInterfaceOrientationLandscapeLeft UIInterfaceOrientationLandscapeRight";
				LD_RUNPATH_SEARCH_PATHS = (
					"$(inherited)",
					"@executable_path/Frameworks",
				);
				MARKETING_VERSION = 1.0;
				PRODUCT_BUNDLE_IDENTIFIER = ivanmagda.TrafficFactoryTestTask;
				PRODUCT_NAME = "$(TARGET_NAME)";
				SWIFT_EMIT_LOC_STRINGS = YES;
				SWIFT_VERSION = 5.0;
				TARGETED_DEVICE_FAMILY = "1,2";
			};
			name = Release;
		};
/* End XCBuildConfiguration section */

/* Begin XCConfigurationList section */
		CEB7F5982C072D07002EE168 /* Build configuration list for PBXProject "TrafficFactoryTestTask" */ = {
			isa = XCConfigurationList;
			buildConfigurations = (
				CEB7F5A92C072D0B002EE168 /* Debug */,
				CEB7F5AA2C072D0B002EE168 /* Release */,
			);
			defaultConfigurationIsVisible = 0;
			defaultConfigurationName = Release;
		};
		CEB7F5AB2C072D0B002EE168 /* Build configuration list for PBXNativeTarget "TrafficFactoryTestTask" */ = {
			isa = XCConfigurationList;
			buildConfigurations = (
				CEB7F5AC2C072D0B002EE168 /* Debug */,
				CEB7F5AD2C072D0B002EE168 /* Release */,
			);
			defaultConfigurationIsVisible = 0;
			defaultConfigurationName = Release;
		};
/* End XCConfigurationList section */
	};
	rootObject = CEB7F5952C072D07002EE168 /* Project object */;
}
